
Microsoft Visual Studio Solution File, Format Version 12.00
# Visual Studio Version 17
VisualStudioVersion = 17.7.34221.43
MinimumVisualStudioVersion = 10.0.40219.1
Project("{FAE04EC0-301F-11D3-BF4B-00C04F79EFBC}") = "RealAlgebra", "RealAlgebra\RealAlgebra.csproj", "{153EA4A9-B79F-44F1-916D-8F573B4F5AAF}"
EndProject
Global
	GlobalSection(SolutionConfigurationPlatforms) = preSolution
		Debug|Any CPU = Debug|Any CPU
		Release|Any CPU = Release|Any CPU
	EndGlobalSection
	GlobalSection(ProjectConfigurationPlatforms) = postSolution
		{153EA4A9-B79F-44F1-916D-8F573B4F5AAF}.Debug|Any CPU.ActiveCfg = Debug|Any CPU
		{153EA4A9-B79F-44F1-916D-8F573B4F5AAF}.Debug|Any CPU.Build.0 = Debug|Any CPU
		{153EA4A9-B79F-44F1-916D-8F573B4F5AAF}.Release|Any CPU.ActiveCfg = Release|Any CPU
		{153EA4A9-B79F-44F1-916D-8F573B4F5AAF}.Release|Any CPU.Build.0 = Release|Any CPU
	EndGlobalSection
	GlobalSection(SolutionProperties) = preSolution
		HideSolutionNode = FALSE
	EndGlobalSection
	GlobalSection(ExtensibilityGlobals) = postSolution
		SolutionGuid = {C4499266-1FB0-4CDB-BAC7-016E0E8FCDC7}
	EndGlobalSection
EndGlobal
